
Microsoft Visual Studio Solution File, Format Version 12.00
# Visual Studio 15
VisualStudioVersion = 15.0.28010.2046
MinimumVisualStudioVersion = 10.0.40219.1
Project("{888888A0-9F3D-457C-B088-3A5042F75D52}") = "DjangoWebProject1", "DjangoWebProject1\DjangoWebProject1.pyproj", "{972F95A0-31DD-4D70-9B5C-2DD88E4F47D7}"
EndProject
Global
	GlobalSection(SolutionConfigurationPlatforms) = preSolution
		Debug|Any CPU = Debug|Any CPU
		Release|Any CPU = Release|Any CPU
	EndGlobalSection
	GlobalSection(ProjectConfigurationPlatforms) = postSolution
		{972F95A0-31DD-4D70-9B5C-2DD88E4F47D7}.Debug|Any CPU.ActiveCfg = Debug|Any CPU
		{972F95A0-31DD-4D70-9B5C-2DD88E4F47D7}.Debug|Any CPU.Build.0 = Debug|Any CPU
		{972F95A0-31DD-4D70-9B5C-2DD88E4F47D7}.Release|Any CPU.ActiveCfg = Release|Any CPU
		{972F95A0-31DD-4D70-9B5C-2DD88E4F47D7}.Release|Any CPU.Build.0 = Release|Any CPU
	EndGlobalSection
	GlobalSection(SolutionProperties) = preSolution
		HideSolutionNode = FALSE
	EndGlobalSection
	GlobalSection(ExtensibilityGlobals) = postSolution
		SolutionGuid = {3D61D3C0-1210-478C-9A26-418927C46EC7}
	EndGlobalSection
EndGlobal
